Microsoft Visual Studio Solution File, Format Version 12.00
# Visual Studio Version 17
VisualStudioVersion = 17.5.2.0
MinimumVisualStudioVersion = 10.0.40219.1
Project("{FAE04EC0-301F-11D3-BF4B-00C04F79EFBC}") = "sample_angular_api", "sample_angular_api\sample_angular_api.csproj", "{96842CDF-4B1C-CF53-4294-FC87787CA575}"
EndProject
Project("{FAE04EC0-301F-11D3-BF4B-00C04F79EFBC}") = "sample_angular_common_api", "sample_angular_common_api\sample_angular_common_api.csproj", "{D8F704FB-CADA-7704-618F-B4E30D302169}"
EndProject
Global
	GlobalSection(SolutionConfigurationPlatforms) = preSolution
		Debug|Any CPU = Debug|Any CPU
		Release|Any CPU = Release|Any CPU
	EndGlobalSection
	GlobalSection(ProjectConfigurationPlatforms) = postSolution
		{96842CDF-4B1C-CF53-4294-FC87787CA575}.Debug|Any CPU.ActiveCfg = Debug|Any CPU
		{96842CDF-4B1C-CF53-4294-FC87787CA575}.Debug|Any CPU.Build.0 = Debug|Any CPU
		{96842CDF-4B1C-CF53-4294-FC87787CA575}.Release|Any CPU.ActiveCfg = Release|Any CPU
		{96842CDF-4B1C-CF53-4294-FC87787CA575}.Release|Any CPU.Build.0 = Release|Any CPU
		{D8F704FB-CADA-7704-618F-B4E30D302169}.Debug|Any CPU.ActiveCfg = Debug|Any CPU
		{D8F704FB-CADA-7704-618F-B4E30D302169}.Debug|Any CPU.Build.0 = Debug|Any CPU
		{D8F704FB-CADA-7704-618F-B4E30D302169}.Release|Any CPU.ActiveCfg = Release|Any CPU
		{D8F704FB-CADA-7704-618F-B4E30D302169}.Release|Any CPU.Build.0 = Release|Any CPU
	EndGlobalSection
	GlobalSection(SolutionProperties) = preSolution
		HideSolutionNode = FALSE
	EndGlobalSection
	GlobalSection(ExtensibilityGlobals) = postSolution
		SolutionGuid = {006444E6-678A-4459-93F8-BC5CDD051902}
	EndGlobalSection
EndGlobal
